
Microsoft Visual Studio Solution File, Format Version 12.00
# Visual Studio 15
VisualStudioVersion = 15.0.28307.271
MinimumVisualStudioVersion = 10.0.40219.1
Project("{FAE04EC0-301F-11D3-BF4B-00C04F79EFBC}") = "Proyecto Final", "Etapa 1\Proyecto Final.csproj", "{89257EEE-4CE9-4BF5-ACA9-67694C91B1DA}"
EndProject
Global
	GlobalSection(SolutionConfigurationPlatforms) = preSolution
		Debug|Any CPU = Debug|Any CPU
		Release|Any CPU = Release|Any CPU
	EndGlobalSection
	GlobalSection(ProjectConfigurationPlatforms) = postSolution
		{89257EEE-4CE9-4BF5-ACA9-67694C91B1DA}.Debug|Any CPU.ActiveCfg = Debug|Any CPU
		{89257EEE-4CE9-4BF5-ACA9-67694C91B1DA}.Debug|Any CPU.Build.0 = Debug|Any CPU
		{89257EEE-4CE9-4BF5-ACA9-67694C91B1DA}.Release|Any CPU.ActiveCfg = Release|Any CPU
		{89257EEE-4CE9-4BF5-ACA9-67694C91B1DA}.Release|Any CPU.Build.0 = Release|Any CPU
	EndGlobalSection
	GlobalSection(SolutionProperties) = preSolution
		HideSolutionNode = FALSE
	EndGlobalSection
	GlobalSection(ExtensibilityGlobals) = postSolution
		SolutionGuid = {F0FAD448-A145-45A0-ACCD-912DD4E125A0}
	EndGlobalSection
EndGlobal
